
Microsoft Visual Studio Solution File, Format Version 12.00
# Visual Studio Version 17
VisualStudioVersion = 17.0.31903.59
MinimumVisualStudioVersion = 10.0.40219.1
Project("{2150E333-8FDC-42A3-9474-1A3956D46DE8}") = "src", "src", "{827E0CD3-B72D-47B6-A68D-7590B98EB39B}"
EndProject
Project("{FAE04EC0-301F-11D3-BF4B-00C04F79EFBC}") = "CfoAgent.Api", "src\CfoAgent.Api\CfoAgent.Api.csproj", "{A9D27BCD-7A1C-4182-B685-FA003990405E}"
EndProject
Project("{2150E333-8FDC-42A3-9474-1A3956D46DE8}") = "tests", "tests", "{0AB3BF05-4346-4AA6-1389-037BE0695223}"
EndProject
Project("{FAE04EC0-301F-11D3-BF4B-00C04F79EFBC}") = "CfoAgent.Api.Tests", "tests\CfoAgent.Api.Tests\CfoAgent.Api.Tests.csproj", "{2B6F89D4-1401-4362-9BA4-F86C9F80BD17}"
EndProject
Project("{2150E333-8FDC-42A3-9474-1A3956D46DE8}") = "tools", "tools", "{07C2787E-EAC7-C090-1BA3-A61EC2A24D84}"
EndProject
Project("{FAE04EC0-301F-11D3-BF4B-00C04F79EFBC}") = "CfoAgent.FinanceMcpServer", "tools\CfoAgent.FinanceMcpServer\CfoAgent.FinanceMcpServer.csproj", "{2BAE9ABA-1E11-44BB-A896-AA3BFB5B102B}"
EndProject
Project("{FAE04EC0-301F-11D3-BF4B-00C04F79EFBC}") = "CfoAgent.KnowledgeFileMcpServer", "tools\CfoAgent.KnowledgeFileMcpServer\CfoAgent.KnowledgeFileMcpServer.csproj", "{50400BA5-5401-4628-A0C6-0B968C9EB437}"
EndProject
Global
	GlobalSection(SolutionConfigurationPlatforms) = preSolution
		Debug|Any CPU = Debug|Any CPU
		Debug|x64 = Debug|x64
		Debug|x86 = Debug|x86
		Release|Any CPU = Release|Any CPU
		Release|x64 = Release|x64
		Release|x86 = Release|x86
	EndGlobalSection
	GlobalSection(ProjectConfigurationPlatforms) = postSolution
		{A9D27BCD-7A1C-4182-B685-FA003990405E}.Debug|Any CPU.ActiveCfg = Debug|Any CPU
		{A9D27BCD-7A1C-4182-B685-FA003990405E}.Debug|Any CPU.Build.0 = Debug|Any CPU
		{A9D27BCD-7A1C-4182-B685-FA003990405E}.Debug|x64.ActiveCfg = Debug|Any CPU
		{A9D27BCD-7A1C-4182-B685-FA003990405E}.Debug|x64.Build.0 = Debug|Any CPU
		{A9D27BCD-7A1C-4182-B685-FA003990405E}.Debug|x86.ActiveCfg = Debug|Any CPU
		{A9D27BCD-7A1C-4182-B685-FA003990405E}.Debug|x86.Build.0 = Debug|Any CPU
		{A9D27BCD-7A1C-4182-B685-FA003990405E}.Release|Any CPU.ActiveCfg = Release|Any CPU
		{A9D27BCD-7A1C-4182-B685-FA003990405E}.Release|Any CPU.Build.0 = Release|Any CPU
		{A9D27BCD-7A1C-4182-B685-FA003990405E}.Release|x64.ActiveCfg = Release|Any CPU
		{A9D27BCD-7A1C-4182-B685-FA003990405E}.Release|x64.Build.0 = Release|Any CPU
		{A9D27BCD-7A1C-4182-B685-FA003990405E}.Release|x86.ActiveCfg = Release|Any CPU
		{A9D27BCD-7A1C-4182-B685-FA003990405E}.Release|x86.Build.0 = Release|Any CPU
		{2B6F89D4-1401-4362-9BA4-F86C9F80BD17}.Debug|Any CPU.ActiveCfg = Debug|Any CPU
		{2B6F89D4-1401-4362-9BA4-F86C9F80BD17}.Debug|Any CPU.Build.0 = Debug|Any CPU
		{2B6F89D4-1401-4362-9BA4-F86C9F80BD17}.Debug|x64.ActiveCfg = Debug|Any CPU
		{2B6F89D4-1401-4362-9BA4-F86C9F80BD17}.Debug|x64.Build.0 = Debug|Any CPU
		{2B6F89D4-1401-4362-9BA4-F86C9F80BD17}.Debug|x86.ActiveCfg = Debug|Any CPU
		{2B6F89D4-1401-4362-9BA4-F86C9F80BD17}.Debug|x86.Build.0 = Debug|Any CPU
		{2B6F89D4-1401-4362-9BA4-F86C9F80BD17}.Release|Any CPU.ActiveCfg = Release|Any CPU
		{2B6F89D4-1401-4362-9BA4-F86C9F80BD17}.Release|Any CPU.Build.0 = Release|Any CPU
		{2B6F89D4-1401-4362-9BA4-F86C9F80BD17}.Release|x64.ActiveCfg = Release|Any CPU
		{2B6F89D4-1401-4362-9BA4-F86C9F80BD17}.Release|x64.Build.0 = Release|Any CPU
		{2B6F89D4-1401-4362-9BA4-F86C9F80BD17}.Release|x86.ActiveCfg = Release|Any CPU
		{2B6F89D4-1401-4362-9BA4-F86C9F80BD17}.Release|x86.Build.0 = Release|Any CPU
		{2BAE9ABA-1E11-44BB-A896-AA3BFB5B102B}.Debug|Any CPU.ActiveCfg = Debug|Any CPU
		{2BAE9ABA-1E11-44BB-A896-AA3BFB5B102B}.Debug|Any CPU.Build.0 = Debug|Any CPU
		{2BAE9ABA-1E11-44BB-A896-AA3BFB5B102B}.Debug|x64.ActiveCfg = Debug|Any CPU
		{2BAE9ABA-1E11-44BB-A896-AA3BFB5B102B}.Debug|x64.Build.0 = Debug|Any CPU
		{2BAE9ABA-1E11-44BB-A896-AA3BFB5B102B}.Debug|x86.ActiveCfg = Debug|Any CPU
		{2BAE9ABA-1E11-44BB-A896-AA3BFB5B102B}.Debug|x86.Build.0 = Debug|Any CPU
		{2BAE9ABA-1E11-44BB-A896-AA3BFB5B102B}.Release|Any CPU.ActiveCfg = Release|Any CPU
		{2BAE9ABA-1E11-44BB-A896-AA3BFB5B102B}.Release|Any CPU.Build.0 = Release|Any CPU
		{2BAE9ABA-1E11-44BB-A896-AA3BFB5B102B}.Release|x64.ActiveCfg = Release|Any CPU
		{2BAE9ABA-1E11-44BB-A896-AA3BFB5B102B}.Release|x64.Build.0 = Release|Any CPU
		{2BAE9ABA-1E11-44BB-A896-AA3BFB5B102B}.Release|x86.ActiveCfg = Release|Any CPU
		{2BAE9ABA-1E11-44BB-A896-AA3BFB5B102B}.Release|x86.Build.0 = Release|Any CPU
		{50400BA5-5401-4628-A0C6-0B968C9EB437}.Debug|Any CPU.ActiveCfg = Debug|Any CPU
		{50400BA5-5401-4628-A0C6-0B968C9EB437}.Debug|Any CPU.Build.0 = Debug|Any CPU
		{50400BA5-5401-4628-A0C6-0B968C9EB437}.Debug|x64.ActiveCfg = Debug|Any CPU
		{50400BA5-5401-4628-A0C6-0B968C9EB437}.Debug|x64.Build.0 = Debug|Any CPU
		{50400BA5-5401-4628-A0C6-0B968C9EB437}.Debug|x86.ActiveCfg = Debug|Any CPU
		{50400BA5-5401-4628-A0C6-0B968C9EB437}.Debug|x86.Build.0 = Debug|Any CPU
		{50400BA5-5401-4628-A0C6-0B968C9EB437}.Release|Any CPU.ActiveCfg = Release|Any CPU
		{50400BA5-5401-4628-A0C6-0B968C9EB437}.Release|Any CPU.Build.0 = Release|Any CPU
		{50400BA5-5401-4628-A0C6-0B968C9EB437}.Release|x64.ActiveCfg = Release|Any CPU
		{50400BA5-5401-4628-A0C6-0B968C9EB437}.Release|x64.Build.0 = Release|Any CPU
		{50400BA5-5401-4628-A0C6-0B968C9EB437}.Release|x86.ActiveCfg = Release|Any CPU
		{50400BA5-5401-4628-A0C6-0B968C9EB437}.Release|x86.Build.0 = Release|Any CPU
	EndGlobalSection
	GlobalSection(SolutionProperties) = preSolution
		HideSolutionNode = FALSE
	EndGlobalSection
	GlobalSection(NestedProjects) = preSolution
		{A9D27BCD-7A1C-4182-B685-FA003990405E} = {827E0CD3-B72D-47B6-A68D-7590B98EB39B}
		{2B6F89D4-1401-4362-9BA4-F86C9F80BD17} = {0AB3BF05-4346-4AA6-1389-037BE0695223}
		{2BAE9ABA-1E11-44BB-A896-AA3BFB5B102B} = {07C2787E-EAC7-C090-1BA3-A61EC2A24D84}
		{50400BA5-5401-4628-A0C6-0B968C9EB437} = {07C2787E-EAC7-C090-1BA3-A61EC2A24D84}
	EndGlobalSection
EndGlobal
